{
  "pins" : [
    {
      "identity" : "swiftblob",
      "kind" : "remoteSourceControl",
      "location" : "https://github.com/henrikhelmers/SwiftBlob",
      "state" : {
        "branch" : "main",
        "revision" : "fe3b411bd67e2df1b75b1157fee1ba1ab3c24b62"
      }
    }
  ],
  "version" : 2
}
