{
  "pins" : [
    {
      "identity" : "swiftblob",
      "kind" : "remoteSourceControl",
      "location" : "https://github.com/henrikhelmers/SwiftBlob",
      "state" : {
        "branch" : "main",
        "revision" : "44e9432f9b82d7814fa9a61246320172d519c5cb"
      }
    }
  ],
  "version" : 2
}
